<?xml version="1.0" encoding="utf-8"?>
<Project ToolsVersion="4.0" xmlns="http://schemas.microsoft.com/developer/msbuild/2003">
  <ItemGroup>
    <Filter Include="Исходные файлы">
      <UniqueIdentifier>{4FC737F1-C7A5-4376-A066-2A32D752A2FF}</UniqueIdentifier>
      <Extensions>cpp;c;cc;cxx;c++;def;odl;idl;hpj;bat;asm;asmx</Extensions>
    </Filter>
    <Filter Include="Исходные файлы\ScheduleClasses">
      <UniqueIdentifier>{b5780c77-767e-4e0a-a50a-ffa75b9d0698}</UniqueIdentifier>
    </Filter>
    <Filter Include="Исходные файлы\ScheduleClasses\Classroom">
      <UniqueIdentifier>{e0208fdd-cc53-445c-a440-bca9e1f4e2e3}</UniqueIdentifier>
    </Filter>
    <Filter Include="Исходные файлы\ScheduleClasses\Classroom\SimpleClassroom">
      <UniqueIdentifier>{85afb8b7-7cf3-421c-a2bc-23f21eec9172}</UniqueIdentifier>
    </Filter>
    <Filter Include="Исходные файлы\ScheduleClasses\DayFromSchedule">
      <UniqueIdentifier>{167ca7b7-ced3-4e5e-9ebd-ac75263fc61c}</UniqueIdentifier>
    </Filter>
    <Filter Include="Исходные файлы\ScheduleClasses\DayFromSchedule\SimpleDayFromSchedule">
      <UniqueIdentifier>{2e8625f8-53d2-4f95-9f42-108eafe253f2}</UniqueIdentifier>
    </Filter>
    <Filter Include="Исходные файлы\ScheduleClasses\interfaces">
      <UniqueIdentifier>{55edce41-59f0-403f-b04d-ed0e5a5596d3}</UniqueIdentifier>
    </Filter>
    <Filter Include="Исходные файлы\ScheduleClasses\LessonInSchedule">
      <UniqueIdentifier>{ba2f4926-a273-450c-b6aa-9bc6bd134588}</UniqueIdentifier>
    </Filter>
    <Filter Include="Исходные файлы\ScheduleClasses\LessonInSchedule\SimpleLessonInSchedule">
      <UniqueIdentifier>{c23b51b4-b9bc-4302-ac7d-5f1a21c15cdc}</UniqueIdentifier>
    </Filter>
    <Filter Include="Исходные файлы\ScheduleClasses\Schedule">
      <UniqueIdentifier>{fec25008-1c78-4135-8874-59d33722f6b5}</UniqueIdentifier>
    </Filter>
    <Filter Include="Исходные файлы\ScheduleClasses\Schedule\FiveDaySchedule">
      <UniqueIdentifier>{86746ec0-4a1d-48e5-8b4b-d98d20817ce9}</UniqueIdentifier>
    </Filter>
    <Filter Include="Исходные файлы\ScheduleClasses\Subject">
      <UniqueIdentifier>{6c4eb547-78db-4025-9ca9-7a4680a8113a}</UniqueIdentifier>
    </Filter>
    <Filter Include="Исходные файлы\ScheduleClasses\Subject\SimpleSubject">
      <UniqueIdentifier>{a31c6f14-25d1-4bc5-8ffe-6aead79799d4}</UniqueIdentifier>
    </Filter>
    <Filter Include="Исходные файлы\ScheduleClasses\Teacher">
      <UniqueIdentifier>{6c792676-f01d-4800-a49a-d47e37e0799e}</UniqueIdentifier>
    </Filter>
    <Filter Include="Исходные файлы\ScheduleClasses\Teacher\TeacherName">
      <UniqueIdentifier>{02c23578-a1aa-4f57-9e58-95d42a360f96}</UniqueIdentifier>
    </Filter>
    <Filter Include="Исходные файлы\ScheduleClasses\Teacher\TeacherInitialsName">
      <UniqueIdentifier>{b5b899fd-74c7-467a-b311-a176a35f62d3}</UniqueIdentifier>
    </Filter>
    <Filter Include="Исходные файлы\UserInterface">
      <UniqueIdentifier>{96f26885-ade8-4876-8f55-2b05d0e823f4}</UniqueIdentifier>
    </Filter>
    <Filter Include="Исходные файлы\UserInterface\interfaces">
      <UniqueIdentifier>{08c5013d-8602-4936-a43b-a93e3b1d0cac}</UniqueIdentifier>
    </Filter>
    <Filter Include="Исходные файлы\UserInterface\UserInterface">
      <UniqueIdentifier>{ec6861f1-9b96-4301-bfe1-ffd2c05e615f}</UniqueIdentifier>
    </Filter>
    <Filter Include="Исходные файлы\UserInterface\UserInterface\ConsoleUserInterface">
      <UniqueIdentifier>{e6866b33-3e54-4e12-afee-ec0c48064774}</UniqueIdentifier>
    </Filter>
    <Filter Include="Исходные файлы\UserInterface\Creator">
      <UniqueIdentifier>{4e3e97ab-d863-46a3-a942-2f14ca3e3962}</UniqueIdentifier>
    </Filter>
    <Filter Include="Исходные файлы\UserInterface\Creator\TeacherCreator">
      <UniqueIdentifier>{d3a9d06d-2748-46e9-a582-6b04be00bf8d}</UniqueIdentifier>
    </Filter>
    <Filter Include="Исходные файлы\UserInterface\Creator\TeacherCreator\TeacherNameCreator">
      <UniqueIdentifier>{f1059c92-f425-496c-80ef-d085ec0e8ffd}</UniqueIdentifier>
    </Filter>
    <Filter Include="Исходные файлы\UserInterface\Creator\CreatorAncestor">
      <UniqueIdentifier>{8b8cd1a5-b5de-4b19-923a-b56cc372f5a2}</UniqueIdentifier>
    </Filter>
    <Filter Include="Исходные файлы\Classroom\EmptyClassroom">
      <UniqueIdentifier>{2ea7eb32-5d1d-4102-ad08-3c9919844477}</UniqueIdentifier>
    </Filter>
    <Filter Include="Исходные файлы\Teacher\EmptyTeacher">
      <UniqueIdentifier>{bf2cb237-8f1e-4547-b8db-057c21524c04}</UniqueIdentifier>
    </Filter>
  </ItemGroup>
  <ItemGroup>
    <ClCompile Include="Source.cpp">
      <Filter>Исходные файлы</Filter>
    </ClCompile>
    <ClCompile Include="ScheduleClasses\Schedule\FiveDaySchedule\FiveDaySchedule.cpp">
      <Filter>Исходные файлы\ScheduleClasses\Schedule\FiveDaySchedule</Filter>
    </ClCompile>
    <ClCompile Include="ScheduleClasses\Classroom\SimpleClassroom\SimpleClassroom.cpp">
      <Filter>Исходные файлы\ScheduleClasses\Classroom\SimpleClassroom</Filter>
    </ClCompile>
    <ClCompile Include="ScheduleClasses\DayFromSchedule\SimpleDayFromSchedule\SimpleDayFromSchedule.cpp">
      <Filter>Исходные файлы\ScheduleClasses\DayFromSchedule\SimpleDayFromSchedule</Filter>
    </ClCompile>
    <ClCompile Include="ScheduleClasses\LessonInSchedule\SimpleLessonInSchedule\SimpleLessonInSchedule.cpp">
      <Filter>Исходные файлы\ScheduleClasses\LessonInSchedule\SimpleLessonInSchedule</Filter>
    </ClCompile>
    <ClCompile Include="ScheduleClasses\Subject\SimpleSubject\SimpleSubject.cpp">
      <Filter>Исходные файлы\ScheduleClasses\Subject\SimpleSubject</Filter>
    </ClCompile>
    <ClCompile Include="ScheduleClasses\Teacher\TeacherInitialsName\TeacherInitialsName.cpp">
      <Filter>Исходные файлы\ScheduleClasses\Teacher\TeacherInitialsName</Filter>
    </ClCompile>
    <ClCompile Include="ScheduleClasses\Teacher\TeacherName\TeacherName.cpp">
      <Filter>Исходные файлы\ScheduleClasses\Teacher\TeacherName</Filter>
    </ClCompile>
    <ClCompile Include="UserInterface\UserInterface\ConsoleUserInterface\ConsoleUserInterface.cpp">
      <Filter>Исходные файлы\UserInterface\UserInterface\ConsoleUserInterface</Filter>
    </ClCompile>
    <ClCompile Include="UserInterface\Creator\TeacherCreator\TeacherNameCreator\TeacherNameCreator.cpp">
      <Filter>Исходные файлы\UserInterface\Creator\TeacherCreator\TeacherNameCreator</Filter>
    </ClCompile>
    <ClCompile Include="UserInterface\Creator\CreatorAncestor\CreatorAncestor.cpp">
      <Filter>Исходные файлы\UserInterface\Creator\CreatorAncestor</Filter>
    </ClCompile>
    <ClCompile Include="Sch.cpp">
      <Filter>Исходные файлы</Filter>
    </ClCompile>
    <ClCompile Include="Classroom\EmptyClassoom\EmptyClassroom.cpp">
      <Filter>Исходные файлы\Classroom\EmptyClassroom</Filter>
    </ClCompile>
    <ClCompile Include="Teacher\EmptyTeacher\EmptyTeacher.cpp">
      <Filter>Исходные файлы\Teacher\EmptyTeacher</Filter>
    </ClCompile>
    <ClCompile Include="PatternObserver\SimplePublisher\SimplePublisher.cpp">
      <Filter>Исходные файлы</Filter>
    </ClCompile>
    <ClCompile Include="PatternObserver\SimpleObserver.cpp">
      <Filter>Исходные файлы</Filter>
    </ClCompile>
  </ItemGroup>
  <ItemGroup>
    <ClInclude Include="ScheduleClasses\interfaces\Classroom.h">
      <Filter>Исходные файлы\ScheduleClasses\interfaces</Filter>
    </ClInclude>
    <ClInclude Include="ScheduleClasses\Schedule\FiveDaySchedule\FiveDaySchedule.h">
      <Filter>Исходные файлы\ScheduleClasses\Schedule\FiveDaySchedule</Filter>
    </ClInclude>
    <ClInclude Include="ScheduleClasses\interfaces\Schedule.h">
      <Filter>Исходные файлы\ScheduleClasses\interfaces</Filter>
    </ClInclude>
    <ClInclude Include="ScheduleClasses\Classroom\SimpleClassroom\SimpleClassroom.h">
      <Filter>Исходные файлы\ScheduleClasses\Classroom\SimpleClassroom</Filter>
    </ClInclude>
    <ClInclude Include="ScheduleClasses\interfaces\DayFromSchedule.h">
      <Filter>Исходные файлы\ScheduleClasses\interfaces</Filter>
    </ClInclude>
    <ClInclude Include="ScheduleClasses\DayFromSchedule\SimpleDayFromSchedule\SimpleDayFromSchedule.h">
      <Filter>Исходные файлы\ScheduleClasses\DayFromSchedule\SimpleDayFromSchedule</Filter>
    </ClInclude>
    <ClInclude Include="ScheduleClasses\interfaces\LessonInSchedule.h">
      <Filter>Исходные файлы\ScheduleClasses\interfaces</Filter>
    </ClInclude>
    <ClInclude Include="ScheduleClasses\LessonInSchedule\SimpleLessonInSchedule\SimpleLessonInSchedule.h">
      <Filter>Исходные файлы\ScheduleClasses\LessonInSchedule\SimpleLessonInSchedule</Filter>
    </ClInclude>
    <ClInclude Include="ScheduleClasses\Subject\SimpleSubject\SimpleSubject.h">
      <Filter>Исходные файлы\ScheduleClasses\Subject\SimpleSubject</Filter>
    </ClInclude>
    <ClInclude Include="ScheduleClasses\interfaces\Subject.h">
      <Filter>Исходные файлы\ScheduleClasses\interfaces</Filter>
    </ClInclude>
    <ClInclude Include="ScheduleClasses\interfaces\Teacher.h">
      <Filter>Исходные файлы\ScheduleClasses\interfaces</Filter>
    </ClInclude>
    <ClInclude Include="ScheduleClasses\Teacher\TeacherName\TeacherName.h">
      <Filter>Исходные файлы\ScheduleClasses\Teacher\TeacherName</Filter>
    </ClInclude>
    <ClInclude Include="ScheduleClasses\Teacher\TeacherInitialsName\TeacherInitialsName.h">
      <Filter>Исходные файлы\ScheduleClasses\Teacher\TeacherInitialsName</Filter>
    </ClInclude>
    <ClInclude Include="UserInterface\interface\UserInterface.h">
      <Filter>Исходные файлы\UserInterface\interfaces</Filter>
    </ClInclude>
    <ClInclude Include="UserInterface\UserInterface\ConsoleUserInterface\ConsoleUserInterface.h">
      <Filter>Исходные файлы\UserInterface\UserInterface\ConsoleUserInterface</Filter>
    </ClInclude>
    <ClInclude Include="UserInterface\interface\Creator.h">
      <Filter>Исходные файлы\UserInterface\interfaces</Filter>
    </ClInclude>
    <ClInclude Include="UserInterface\Creator\TeacherCreator\TeacherNameCreator\TeacherNameCreator.h">
      <Filter>Исходные файлы\UserInterface\Creator\TeacherCreator\TeacherNameCreator</Filter>
    </ClInclude>
    <ClInclude Include="UserInterface\Creator\CreatorAncestor\CreatorAncestor.h">
      <Filter>Исходные файлы\UserInterface\Creator\CreatorAncestor</Filter>
    </ClInclude>
    <ClInclude Include="Sch.h">
      <Filter>Исходные файлы</Filter>
    </ClInclude>
    <ClInclude Include="interfaces\Observer.h">
      <Filter>Исходные файлы\interfaces</Filter>
    </ClInclude>
    <ClInclude Include="interfaces\Publisher.h">
      <Filter>Исходные файлы\interfaces</Filter>
    </ClInclude>
    <ClInclude Include="Classroom\EmptyClassoom\EmptyClassroom.h">
      <Filter>Исходные файлы\Classroom\EmptyClassroom</Filter>
    </ClInclude>
    <ClInclude Include="Teacher\EmptyTeacher\EmptyTeacher.h">
      <Filter>Исходные файлы\Teacher\EmptyTeacher</Filter>
    </ClInclude>
    <ClInclude Include="PatternObserver\SimplePublisher\SimplePublisher.h">
      <Filter>Исходные файлы</Filter>
    </ClInclude>
    <ClInclude Include="PatternObserver\SimpleObserver.h">
      <Filter>Исходные файлы</Filter>
    </ClInclude>
  </ItemGroup>
</Project>