<?xml version="1.0" encoding="utf-8"?>
<Project ToolsVersion="4.0" xmlns="http://schemas.microsoft.com/developer/msbuild/2003">
  <ItemGroup>
    <Filter Include="Исходные файлы">
      <UniqueIdentifier>{4FC737F1-C7A5-4376-A066-2A32D752A2FF}</UniqueIdentifier>
      <Extensions>cpp;c;cc;cxx;c++;def;odl;idl;hpj;bat;asm;asmx</Extensions>
    </Filter>
    <Filter Include="Исходные файлы\ScheduleClasses">
      <UniqueIdentifier>{b5780c77-767e-4e0a-a50a-ffa75b9d0698}</UniqueIdentifier>
    </Filter>
    <Filter Include="Исходные файлы\ScheduleClasses\Classroom">
      <UniqueIdentifier>{e0208fdd-cc53-445c-a440-bca9e1f4e2e3}</UniqueIdentifier>
    </Filter>
    <Filter Include="Исходные файлы\ScheduleClasses\Classroom\SimpleClassroom">
      <UniqueIdentifier>{85afb8b7-7cf3-421c-a2bc-23f21eec9172}</UniqueIdentifier>
    </Filter>
    <Filter Include="Исходные файлы\ScheduleClasses\DayFromSchedule">
      <UniqueIdentifier>{167ca7b7-ced3-4e5e-9ebd-ac75263fc61c}</UniqueIdentifier>
    </Filter>
    <Filter Include="Исходные файлы\ScheduleClasses\DayFromSchedule\SimpleDayFromSchedule">
      <UniqueIdentifier>{2e8625f8-53d2-4f95-9f42-108eafe253f2}</UniqueIdentifier>
    </Filter>
    <Filter Include="Исходные файлы\ScheduleClasses\interfaces">
      <UniqueIdentifier>{55edce41-59f0-403f-b04d-ed0e5a5596d3}</UniqueIdentifier>
    </Filter>
    <Filter Include="Исходные файлы\ScheduleClasses\LessonInSchedule">
      <UniqueIdentifier>{ba2f4926-a273-450c-b6aa-9bc6bd134588}</UniqueIdentifier>
    </Filter>
    <Filter Include="Исходные файлы\ScheduleClasses\LessonInSchedule\SimpleLessonInSchedule">
      <UniqueIdentifier>{c23b51b4-b9bc-4302-ac7d-5f1a21c15cdc}</UniqueIdentifier>
    </Filter>
    <Filter Include="Исходные файлы\ScheduleClasses\Schedule">
      <UniqueIdentifier>{fec25008-1c78-4135-8874-59d33722f6b5}</UniqueIdentifier>
    </Filter>
    <Filter Include="Исходные файлы\ScheduleClasses\Schedule\FiveDaySchedule">
      <UniqueIdentifier>{86746ec0-4a1d-48e5-8b4b-d98d20817ce9}</UniqueIdentifier>
    </Filter>
    <Filter Include="Исходные файлы\ScheduleClasses\Subject">
      <UniqueIdentifier>{6c4eb547-78db-4025-9ca9-7a4680a8113a}</UniqueIdentifier>
    </Filter>
    <Filter Include="Исходные файлы\ScheduleClasses\Subject\SimpleSubject">
      <UniqueIdentifier>{a31c6f14-25d1-4bc5-8ffe-6aead79799d4}</UniqueIdentifier>
    </Filter>
    <Filter Include="Исходные файлы\ScheduleClasses\Teacher">
      <UniqueIdentifier>{6c792676-f01d-4800-a49a-d47e37e0799e}</UniqueIdentifier>
    </Filter>
    <Filter Include="Исходные файлы\ScheduleClasses\Teacher\TeacherName">
      <UniqueIdentifier>{02c23578-a1aa-4f57-9e58-95d42a360f96}</UniqueIdentifier>
    </Filter>
    <Filter Include="Исходные файлы\ScheduleClasses\Teacher\TeacherInitialsName">
      <UniqueIdentifier>{b5b899fd-74c7-467a-b311-a176a35f62d3}</UniqueIdentifier>
    </Filter>
    <Filter Include="Исходные файлы\UserInterface">
      <UniqueIdentifier>{96f26885-ade8-4876-8f55-2b05d0e823f4}</UniqueIdentifier>
    </Filter>
    <Filter Include="Исходные файлы\UserInterface\interfaces">
      <UniqueIdentifier>{08c5013d-8602-4936-a43b-a93e3b1d0cac}</UniqueIdentifier>
    </Filter>
    <Filter Include="Исходные файлы\UserInterface\UserInterface">
      <UniqueIdentifier>{ec6861f1-9b96-4301-bfe1-ffd2c05e615f}</UniqueIdentifier>
    </Filter>
    <Filter Include="Исходные файлы\UserInterface\UserInterface\ConsoleUserInterface">
      <UniqueIdentifier>{e6866b33-3e54-4e12-afee-ec0c48064774}</UniqueIdentifier>
    </Filter>
    <Filter Include="Исходные файлы\UserInterface\СlassInstanceCreator">
      <UniqueIdentifier>{b10d1c2a-0900-4ff9-896d-5bf68132bd97}</UniqueIdentifier>
    </Filter>
    <Filter Include="Исходные файлы\UserInterface\СlassInstanceCreator\ClassroomCreator">
      <UniqueIdentifier>{8f3b3165-a6bb-4841-b47a-2374fa16ec48}</UniqueIdentifier>
    </Filter>
    <Filter Include="Исходные файлы\UserInterface\СlassInstanceCreator\ClassroomCreator\SimpleClassroomCreator">
      <UniqueIdentifier>{55b37bf9-a056-49bb-936b-9fa234af1e68}</UniqueIdentifier>
    </Filter>
    <Filter Include="Исходные файлы\UserInterface\Question">
      <UniqueIdentifier>{578c2edd-571c-4ef5-b001-b52580f3e152}</UniqueIdentifier>
    </Filter>
    <Filter Include="Исходные файлы\UserInterface\СlassInstanceCreator\ClassInstanceCreatorAncestor">
      <UniqueIdentifier>{867a3e99-6f14-4eba-9db4-f787e0702b4f}</UniqueIdentifier>
    </Filter>
    <Filter Include="Исходные файлы\UserInterface\СlassInstanceCreator\TeacherCreator">
      <UniqueIdentifier>{ad215f16-67fc-4191-a572-322b7409204f}</UniqueIdentifier>
    </Filter>
    <Filter Include="Исходные файлы\UserInterface\СlassInstanceCreator\TeacherCreator\TeacherInitialsNameCreator">
      <UniqueIdentifier>{6288bf22-0df4-4489-8b0a-6c35107e286a}</UniqueIdentifier>
    </Filter>
    <Filter Include="Исходные файлы\UserInterface\СlassInstanceCreator\TeacherCreator\TeacherNameCreator">
      <UniqueIdentifier>{7809ff24-3248-47e6-a76d-ab36f448ea56}</UniqueIdentifier>
    </Filter>
    <Filter Include="Исходные файлы\UserInterface\СlassInstanceCreator\LessonInScheduleCreator">
      <UniqueIdentifier>{e5904c2d-713d-4e6f-963e-bdf6cf03e41c}</UniqueIdentifier>
    </Filter>
    <Filter Include="Исходные файлы\UserInterface\СlassInstanceCreator\DayFromScheduleCreator">
      <UniqueIdentifier>{466fe86f-aee0-4050-9a2a-cb37613a3db6}</UniqueIdentifier>
    </Filter>
    <Filter Include="Исходные файлы\UserInterface\СlassInstanceCreator\ScheduleCreator">
      <UniqueIdentifier>{c1e87284-3993-4fcb-a18c-e0ca315dcdb9}</UniqueIdentifier>
    </Filter>
    <Filter Include="Исходные файлы\UserInterface\СlassInstanceCreator\SubjectCreator">
      <UniqueIdentifier>{07ba2fd4-6af5-45d3-8cfa-adca0b22786d}</UniqueIdentifier>
    </Filter>
    <Filter Include="Исходные файлы\UserInterface\СlassInstanceCreator\ScheduleCreator\FiveDayScheduleCreator">
      <UniqueIdentifier>{bd072097-6fb9-4376-a8de-13200fd32dc0}</UniqueIdentifier>
    </Filter>
    <Filter Include="Исходные файлы\UserInterface\СlassInstanceCreator\DayFromScheduleCreator\SimpleDayFromScheduleCreator">
      <UniqueIdentifier>{9e7e3fbb-a9d1-4eea-a2a5-d0c20138e6d8}</UniqueIdentifier>
    </Filter>
    <Filter Include="Исходные файлы\UserInterface\СlassInstanceCreator\SubjectCreator\SimpleSubjectCreator">
      <UniqueIdentifier>{444b87e0-74f7-4b9b-ace5-1ef922befb02}</UniqueIdentifier>
    </Filter>
    <Filter Include="Исходные файлы\UserInterface\СlassInstanceCreator\LessonInScheduleCreator\SimpleLessonInScheduleCreator">
      <UniqueIdentifier>{c1879393-34df-47a9-957e-0b6ca3fc352c}</UniqueIdentifier>
    </Filter>
  </ItemGroup>
  <ItemGroup>
    <ClCompile Include="Source.cpp">
      <Filter>Исходные файлы</Filter>
    </ClCompile>
    <ClCompile Include="ScheduleClasses\Schedule\FiveDaySchedule\FiveDaySchedule.cpp">
      <Filter>Исходные файлы\ScheduleClasses\Schedule\FiveDaySchedule</Filter>
    </ClCompile>
    <ClCompile Include="ScheduleClasses\Classroom\SimpleClassroom\SimpleClassroom.cpp">
      <Filter>Исходные файлы\ScheduleClasses\Classroom\SimpleClassroom</Filter>
    </ClCompile>
    <ClCompile Include="ScheduleClasses\DayFromSchedule\SimpleDayFromSchedule\SimpleDayFromSchedule.cpp">
      <Filter>Исходные файлы\ScheduleClasses\DayFromSchedule\SimpleDayFromSchedule</Filter>
    </ClCompile>
    <ClCompile Include="ScheduleClasses\LessonInSchedule\SimpleLessonInSchedule\SimpleLessonInSchedule.cpp">
      <Filter>Исходные файлы\ScheduleClasses\LessonInSchedule\SimpleLessonInSchedule</Filter>
    </ClCompile>
    <ClCompile Include="ScheduleClasses\Subject\SimpleSubject\SimpleSubject.cpp">
      <Filter>Исходные файлы\ScheduleClasses\Subject\SimpleSubject</Filter>
    </ClCompile>
    <ClCompile Include="ScheduleClasses\Teacher\TeacherInitialsName\TeacherInitialsName.cpp">
      <Filter>Исходные файлы\ScheduleClasses\Teacher\TeacherInitialsName</Filter>
    </ClCompile>
    <ClCompile Include="ScheduleClasses\Teacher\TeacherName\TeacherName.cpp">
      <Filter>Исходные файлы\ScheduleClasses\Teacher\TeacherName</Filter>
    </ClCompile>
    <ClCompile Include="UserInterface\UserInterface\ConsoleUserInterface\ConsoleUserInterface.cpp">
      <Filter>Исходные файлы\UserInterface\UserInterface\ConsoleUserInterface</Filter>
    </ClCompile>
    <ClCompile Include="Sch.cpp">
      <Filter>Исходные файлы</Filter>
    </ClCompile>
    <ClCompile Include="UserInterface\СlassInstanceCreator\ClassroomCreator\SimpleClassroomCreator\SimpleClassroomCreator.cpp">
      <Filter>Исходные файлы\UserInterface\СlassInstanceCreator\ClassroomCreator\SimpleClassroomCreator</Filter>
    </ClCompile>
    <ClCompile Include="UserInterface\Question\Question.cpp">
      <Filter>Исходные файлы\UserInterface\Question</Filter>
    </ClCompile>
    <ClCompile Include="UserInterface\СlassInstanceCreator\СlassInstanceCreatorAncestor\СlassInstanceCreatorAncestor.cpp">
      <Filter>Исходные файлы\UserInterface\СlassInstanceCreator\ClassInstanceCreatorAncestor</Filter>
    </ClCompile>
    <ClCompile Include="UserInterface\СlassInstanceCreator\TeacherCreator\TeacherInitialsNameCreator\TeacherInitialsNameCreator.cpp">
      <Filter>Исходные файлы\UserInterface\СlassInstanceCreator\TeacherCreator\TeacherInitialsNameCreator</Filter>
    </ClCompile>
    <ClCompile Include="UserInterface\СlassInstanceCreator\TeacherCreator\TeacherNameCreator\TeacherNameCreator.cpp">
      <Filter>Исходные файлы\UserInterface\СlassInstanceCreator\TeacherCreator\TeacherNameCreator</Filter>
    </ClCompile>
    <ClCompile Include="UserInterface\СlassInstanceCreator\LessonInScheduleCreator\SimpleLessonInScheduleCreator\SimpleLessonInScheduleCreator.cpp">
      <Filter>Исходные файлы\UserInterface\СlassInstanceCreator\LessonInScheduleCreator\SimpleLessonInScheduleCreator</Filter>
    </ClCompile>
    <ClCompile Include="UserInterface\СlassInstanceCreator\ScheduleCreator\FiveDayScheduleCreator\FiveDayScheduleCreator.cpp">
      <Filter>Исходные файлы\UserInterface\СlassInstanceCreator\ScheduleCreator\FiveDayScheduleCreator</Filter>
    </ClCompile>
    <ClCompile Include="UserInterface\СlassInstanceCreator\DayFromScheduleCreator\SimpleDayFromScheduleCreator\SimpleDayFromScheduleCreator.cpp">
      <Filter>Исходные файлы\UserInterface\СlassInstanceCreator\DayFromScheduleCreator\SimpleDayFromScheduleCreator</Filter>
    </ClCompile>
    <ClCompile Include="UserInterface\СlassInstanceCreator\SubjectCreator\SimpleSubjectCreator\SimpleSubjectCreator.cpp">
      <Filter>Исходные файлы\UserInterface\СlassInstanceCreator\SubjectCreator\SimpleSubjectCreator</Filter>
    </ClCompile>
  </ItemGroup>
  <ItemGroup>
    <ClInclude Include="ScheduleClasses\interfaces\Classroom.h">
      <Filter>Исходные файлы\ScheduleClasses\interfaces</Filter>
    </ClInclude>
    <ClInclude Include="ScheduleClasses\Schedule\FiveDaySchedule\FiveDaySchedule.h">
      <Filter>Исходные файлы\ScheduleClasses\Schedule\FiveDaySchedule</Filter>
    </ClInclude>
    <ClInclude Include="ScheduleClasses\interfaces\Schedule.h">
      <Filter>Исходные файлы\ScheduleClasses\interfaces</Filter>
    </ClInclude>
    <ClInclude Include="ScheduleClasses\Classroom\SimpleClassroom\SimpleClassroom.h">
      <Filter>Исходные файлы\ScheduleClasses\Classroom\SimpleClassroom</Filter>
    </ClInclude>
    <ClInclude Include="ScheduleClasses\interfaces\DayFromSchedule.h">
      <Filter>Исходные файлы\ScheduleClasses\interfaces</Filter>
    </ClInclude>
    <ClInclude Include="ScheduleClasses\DayFromSchedule\SimpleDayFromSchedule\SimpleDayFromSchedule.h">
      <Filter>Исходные файлы\ScheduleClasses\DayFromSchedule\SimpleDayFromSchedule</Filter>
    </ClInclude>
    <ClInclude Include="ScheduleClasses\interfaces\LessonInSchedule.h">
      <Filter>Исходные файлы\ScheduleClasses\interfaces</Filter>
    </ClInclude>
    <ClInclude Include="ScheduleClasses\LessonInSchedule\SimpleLessonInSchedule\SimpleLessonInSchedule.h">
      <Filter>Исходные файлы\ScheduleClasses\LessonInSchedule\SimpleLessonInSchedule</Filter>
    </ClInclude>
    <ClInclude Include="ScheduleClasses\Subject\SimpleSubject\SimpleSubject.h">
      <Filter>Исходные файлы\ScheduleClasses\Subject\SimpleSubject</Filter>
    </ClInclude>
    <ClInclude Include="ScheduleClasses\interfaces\Subject.h">
      <Filter>Исходные файлы\ScheduleClasses\interfaces</Filter>
    </ClInclude>
    <ClInclude Include="ScheduleClasses\interfaces\Teacher.h">
      <Filter>Исходные файлы\ScheduleClasses\interfaces</Filter>
    </ClInclude>
    <ClInclude Include="ScheduleClasses\Teacher\TeacherName\TeacherName.h">
      <Filter>Исходные файлы\ScheduleClasses\Teacher\TeacherName</Filter>
    </ClInclude>
    <ClInclude Include="ScheduleClasses\Teacher\TeacherInitialsName\TeacherInitialsName.h">
      <Filter>Исходные файлы\ScheduleClasses\Teacher\TeacherInitialsName</Filter>
    </ClInclude>
    <ClInclude Include="UserInterface\interface\UserInterface.h">
      <Filter>Исходные файлы\UserInterface\interfaces</Filter>
    </ClInclude>
    <ClInclude Include="UserInterface\UserInterface\ConsoleUserInterface\ConsoleUserInterface.h">
      <Filter>Исходные файлы\UserInterface\UserInterface\ConsoleUserInterface</Filter>
    </ClInclude>
    <ClInclude Include="Sch.h">
      <Filter>Исходные файлы</Filter>
    </ClInclude>
    <ClInclude Include="ScheduleClasses\interfaces\ClassName.h">
      <Filter>Исходные файлы\ScheduleClasses\interfaces</Filter>
    </ClInclude>
    <ClInclude Include="UserInterface\interface\СlassInstanceCreator.h">
      <Filter>Исходные файлы\UserInterface\interfaces</Filter>
    </ClInclude>
    <ClInclude Include="UserInterface\СlassInstanceCreator\ClassroomCreator\SimpleClassroomCreator\SimpleClassroomCreator.h">
      <Filter>Исходные файлы\UserInterface\СlassInstanceCreator\ClassroomCreator\SimpleClassroomCreator</Filter>
    </ClInclude>
    <ClInclude Include="UserInterface\Question\Question.h">
      <Filter>Исходные файлы\UserInterface\Question</Filter>
    </ClInclude>
    <ClInclude Include="UserInterface\СlassInstanceCreator\СlassInstanceCreatorAncestor\СlassInstanceCreatorAncestor.h">
      <Filter>Исходные файлы\UserInterface\СlassInstanceCreator\ClassInstanceCreatorAncestor</Filter>
    </ClInclude>
    <ClInclude Include="UserInterface\СlassInstanceCreator\TeacherCreator\TeacherInitialsNameCreator\TeacherInitialsNameCreator.h">
      <Filter>Исходные файлы\UserInterface\СlassInstanceCreator\TeacherCreator\TeacherInitialsNameCreator</Filter>
    </ClInclude>
    <ClInclude Include="UserInterface\СlassInstanceCreator\TeacherCreator\TeacherNameCreator\TeacherNameCreator.h">
      <Filter>Исходные файлы\UserInterface\СlassInstanceCreator\TeacherCreator\TeacherNameCreator</Filter>
    </ClInclude>
    <ClInclude Include="UserInterface\СlassInstanceCreator\LessonInScheduleCreator\SimpleLessonInScheduleCreator\SimpleLessonInScheduleCreator.h">
      <Filter>Исходные файлы\UserInterface\СlassInstanceCreator\LessonInScheduleCreator\SimpleLessonInScheduleCreator</Filter>
    </ClInclude>
    <ClInclude Include="UserInterface\СlassInstanceCreator\ScheduleCreator\FiveDayScheduleCreator\FiveDayScheduleCreator.h">
      <Filter>Исходные файлы\UserInterface\СlassInstanceCreator\ScheduleCreator\FiveDayScheduleCreator</Filter>
    </ClInclude>
    <ClInclude Include="UserInterface\СlassInstanceCreator\DayFromScheduleCreator\SimpleDayFromScheduleCreator\SimpleDayFromScheduleCreator.h">
      <Filter>Исходные файлы\UserInterface\СlassInstanceCreator\DayFromScheduleCreator\SimpleDayFromScheduleCreator</Filter>
    </ClInclude>
    <ClInclude Include="UserInterface\СlassInstanceCreator\SubjectCreator\SimpleSubjectCreator\SimpleSubjectCreator.h">
      <Filter>Исходные файлы\UserInterface\СlassInstanceCreator\SubjectCreator\SimpleSubjectCreator</Filter>
    </ClInclude>
  </ItemGroup>
</Project>