<?xml version="1.0" encoding="utf-8"?>
<Project ToolsVersion="4.0" xmlns="http://schemas.microsoft.com/developer/msbuild/2003">
  <ItemGroup>
    <Filter Include="Исходные файлы">
      <UniqueIdentifier>{4FC737F1-C7A5-4376-A066-2A32D752A2FF}</UniqueIdentifier>
      <Extensions>cpp;c;cc;cxx;c++;def;odl;idl;hpj;bat;asm;asmx</Extensions>
    </Filter>
    <Filter Include="Исходные файлы\interfaces">
      <UniqueIdentifier>{55edce41-59f0-403f-b04d-ed0e5a5596d3}</UniqueIdentifier>
    </Filter>
    <Filter Include="Исходные файлы\Classroom">
      <UniqueIdentifier>{e0208fdd-cc53-445c-a440-bca9e1f4e2e3}</UniqueIdentifier>
    </Filter>
    <Filter Include="Исходные файлы\Classroom\SimpleClassroom">
      <UniqueIdentifier>{85afb8b7-7cf3-421c-a2bc-23f21eec9172}</UniqueIdentifier>
    </Filter>
    <Filter Include="Исходные файлы\Teacher">
      <UniqueIdentifier>{6c792676-f01d-4800-a49a-d47e37e0799e}</UniqueIdentifier>
    </Filter>
    <Filter Include="Исходные файлы\Teacher\TeacherName">
      <UniqueIdentifier>{02c23578-a1aa-4f57-9e58-95d42a360f96}</UniqueIdentifier>
    </Filter>
    <Filter Include="Исходные файлы\Teacher\TeacherInitialsName">
      <UniqueIdentifier>{b5b899fd-74c7-467a-b311-a176a35f62d3}</UniqueIdentifier>
    </Filter>
    <Filter Include="Исходные файлы\Subject">
      <UniqueIdentifier>{6c4eb547-78db-4025-9ca9-7a4680a8113a}</UniqueIdentifier>
    </Filter>
    <Filter Include="Исходные файлы\LessonInSchedule">
      <UniqueIdentifier>{ba2f4926-a273-450c-b6aa-9bc6bd134588}</UniqueIdentifier>
    </Filter>
    <Filter Include="Исходные файлы\LessonInSchedule\SimpleLessonInSchedule">
      <UniqueIdentifier>{c23b51b4-b9bc-4302-ac7d-5f1a21c15cdc}</UniqueIdentifier>
    </Filter>
    <Filter Include="Исходные файлы\DayFromSchedule">
      <UniqueIdentifier>{167ca7b7-ced3-4e5e-9ebd-ac75263fc61c}</UniqueIdentifier>
    </Filter>
    <Filter Include="Исходные файлы\DayFromSchedule\SimpleDayFromSchedule">
      <UniqueIdentifier>{2e8625f8-53d2-4f95-9f42-108eafe253f2}</UniqueIdentifier>
    </Filter>
    <Filter Include="Исходные файлы\Schedule">
      <UniqueIdentifier>{fec25008-1c78-4135-8874-59d33722f6b5}</UniqueIdentifier>
    </Filter>
    <Filter Include="Исходные файлы\Schedule\FiveDaySchedule">
      <UniqueIdentifier>{86746ec0-4a1d-48e5-8b4b-d98d20817ce9}</UniqueIdentifier>
    </Filter>
    <Filter Include="Исходные файлы\Subject\SimpleSubject">
      <UniqueIdentifier>{a31c6f14-25d1-4bc5-8ffe-6aead79799d4}</UniqueIdentifier>
    </Filter>
    <Filter Include="Исходные файлы\Classroom\EmptyClassroom">
      <UniqueIdentifier>{2ea7eb32-5d1d-4102-ad08-3c9919844477}</UniqueIdentifier>
    </Filter>
    <Filter Include="Исходные файлы\Teacher\EmptyTeacher">
      <UniqueIdentifier>{bf2cb237-8f1e-4547-b8db-057c21524c04}</UniqueIdentifier>
    </Filter>
  </ItemGroup>
  <ItemGroup>
    <ClCompile Include="Classroom\SimpleClassroom\SimpleClassroom.cpp">
      <Filter>Исходные файлы\Classroom\SimpleClassroom</Filter>
    </ClCompile>
    <ClCompile Include="interfaces\Classroom.h">
      <Filter>Исходные файлы\interfaces</Filter>
    </ClCompile>
    <ClCompile Include="interfaces\Teacher.h">
      <Filter>Исходные файлы\interfaces</Filter>
    </ClCompile>
    <ClCompile Include="Source.cpp">
      <Filter>Исходные файлы</Filter>
    </ClCompile>
    <ClCompile Include="Teacher\TeacherInitialsName\TeacherInitialsName.cpp">
      <Filter>Исходные файлы\Teacher\TeacherInitialsName</Filter>
    </ClCompile>
    <ClCompile Include="Teacher\TeacherName\TeacherName.cpp">
      <Filter>Исходные файлы\Teacher\TeacherName</Filter>
    </ClCompile>
    <ClCompile Include="LessonInSchedule\SimpleLessonInSchedule\SimpleLessonInSchedule.cpp">
      <Filter>Исходные файлы\LessonInSchedule\SimpleLessonInSchedule</Filter>
    </ClCompile>
    <ClCompile Include="DayFromSchedule\SimpleDayFromSchedule\SimpleDayFromSchedule.cpp">
      <Filter>Исходные файлы\DayFromSchedule\SimpleDayFromSchedule</Filter>
    </ClCompile>
    <ClCompile Include="Schedule\FiveDaySchedule\FiveDaySchedule.cpp">
      <Filter>Исходные файлы\Schedule\FiveDaySchedule</Filter>
    </ClCompile>
    <ClCompile Include="Subject\SimpleSubject\SimpleSubject.cpp">
      <Filter>Исходные файлы\Subject\SimpleSubject</Filter>
    </ClCompile>
    <ClCompile Include="Classroom\EmptyClassoom\EmptyClassroom.cpp">
      <Filter>Исходные файлы\Classroom\EmptyClassroom</Filter>
    </ClCompile>
    <ClCompile Include="Teacher\EmptyTeacher\EmptyTeacher.cpp">
      <Filter>Исходные файлы\Teacher\EmptyTeacher</Filter>
    </ClCompile>
    <ClCompile Include="PatternObserver\SimplePublisher\SimplePublisher.cpp">
      <Filter>Исходные файлы</Filter>
    </ClCompile>
    <ClCompile Include="PatternObserver\SimpleObserver.cpp">
      <Filter>Исходные файлы</Filter>
    </ClCompile>
  </ItemGroup>
  <ItemGroup>
    <ClInclude Include="Classroom\SimpleClassroom\SimpleClassroom.h">
      <Filter>Исходные файлы\Classroom\SimpleClassroom</Filter>
    </ClInclude>
    <ClInclude Include="interfaces\Subject.h">
      <Filter>Исходные файлы\interfaces</Filter>
    </ClInclude>
    <ClInclude Include="Teacher\TeacherInitialsName\TeacherInitialsName.h">
      <Filter>Исходные файлы\Teacher\TeacherInitialsName</Filter>
    </ClInclude>
    <ClInclude Include="Teacher\TeacherName\TeacherName.h">
      <Filter>Исходные файлы\Teacher\TeacherName</Filter>
    </ClInclude>
    <ClInclude Include="interfaces\LessonInSchedule.h">
      <Filter>Исходные файлы\interfaces</Filter>
    </ClInclude>
    <ClInclude Include="LessonInSchedule\SimpleLessonInSchedule\SimpleLessonInSchedule.h">
      <Filter>Исходные файлы\LessonInSchedule\SimpleLessonInSchedule</Filter>
    </ClInclude>
    <ClInclude Include="interfaces\DayFromSchedule.h">
      <Filter>Исходные файлы\interfaces</Filter>
    </ClInclude>
    <ClInclude Include="DayFromSchedule\SimpleDayFromSchedule\SimpleDayFromSchedule.h">
      <Filter>Исходные файлы\DayFromSchedule\SimpleDayFromSchedule</Filter>
    </ClInclude>
    <ClInclude Include="Schedule\FiveDaySchedule\FiveDaySchedule.h">
      <Filter>Исходные файлы\Schedule\FiveDaySchedule</Filter>
    </ClInclude>
    <ClInclude Include="interfaces\Schedule.h">
      <Filter>Исходные файлы\interfaces</Filter>
    </ClInclude>
    <ClInclude Include="Subject\SimpleSubject\SimpleSubject.h">
      <Filter>Исходные файлы\Subject\SimpleSubject</Filter>
    </ClInclude>
    <ClInclude Include="interfaces\Observer.h">
      <Filter>Исходные файлы\interfaces</Filter>
    </ClInclude>
    <ClInclude Include="interfaces\Publisher.h">
      <Filter>Исходные файлы\interfaces</Filter>
    </ClInclude>
    <ClInclude Include="Classroom\EmptyClassoom\EmptyClassroom.h">
      <Filter>Исходные файлы\Classroom\EmptyClassroom</Filter>
    </ClInclude>
    <ClInclude Include="Teacher\EmptyTeacher\EmptyTeacher.h">
      <Filter>Исходные файлы\Teacher\EmptyTeacher</Filter>
    </ClInclude>
    <ClInclude Include="PatternObserver\SimplePublisher\SimplePublisher.h">
      <Filter>Исходные файлы</Filter>
    </ClInclude>
    <ClInclude Include="PatternObserver\SimpleObserver.h">
      <Filter>Исходные файлы</Filter>
    </ClInclude>
  </ItemGroup>
</Project>